{
  "name": "@diode/dev",
  "version": "0.0.1",
  "lockfileVersion": 1,
  "requires": true,
  "dependencies": {
    "@diode/apk": {
      "version": "0.0.3",
      "resolved": "https://registry.npmjs.org/@diode/apk/-/apk-0.0.3.tgz",
      "integrity": "sha512-hqSoPNzvejhqrJNXp3Zsr9pjeBihF9NnmyQvQ13yZdGewUnAN1G+ttBxtn9aAdDRdWxnJlmJ7OTOImTi97jBRg=="
    }
  }
}
